
Microsoft Visual Studio Solution File, Format Version 12.00
# Visual Studio Version 17
VisualStudioVersion = 17.11.35312.102
MinimumVisualStudioVersion = 10.0.40219.1
Project("{FAE04EC0-301F-11D3-BF4B-00C04F79EFBC}") = "ruap_lv1", "ruap_lv1.csproj", "{76AE1175-D766-4065-BDC3-4148DEB06D48}"
EndProject
Global
	GlobalSection(SolutionConfigurationPlatforms) = preSolution
		Debug|Any CPU = Debug|Any CPU
		Release|Any CPU = Release|Any CPU
	EndGlobalSection
	GlobalSection(ProjectConfigurationPlatforms) = postSolution
		{76AE1175-D766-4065-BDC3-4148DEB06D48}.Debug|Any CPU.ActiveCfg = Debug|Any CPU
		{76AE1175-D766-4065-BDC3-4148DEB06D48}.Debug|Any CPU.Build.0 = Debug|Any CPU
		{76AE1175-D766-4065-BDC3-4148DEB06D48}.Release|Any CPU.ActiveCfg = Release|Any CPU
		{76AE1175-D766-4065-BDC3-4148DEB06D48}.Release|Any CPU.Build.0 = Release|Any CPU
	EndGlobalSection
	GlobalSection(SolutionProperties) = preSolution
		HideSolutionNode = FALSE
	EndGlobalSection
	GlobalSection(ExtensibilityGlobals) = postSolution
		SolutionGuid = {ACAA27C1-BAD5-46BB-AE89-3C5D91CB35D7}
	EndGlobalSection
EndGlobal
